
Microsoft Visual Studio Solution File, Format Version 12.00
# Visual Studio Version 17
VisualStudioVersion = 17.8.34511.84
MinimumVisualStudioVersion = 10.0.40219.1
Project("{2150E333-8FDC-42A3-9474-1A3956D46DE8}") = "Libraries", "Libraries", "{86842EBC-F2B0-41AD-A4F5-C1F21BDF3EA4}"
EndProject
Project("{FAE04EC0-301F-11D3-BF4B-00C04F79EFBC}") = "MapleLib", "MapleLib\MapleLib.csproj", "{18067367-137D-4968-A4C1-966792125612}"
EndProject
Project("{FAE04EC0-301F-11D3-BF4B-00C04F79EFBC}") = "spine-2.1.25-netcore", "spine-runtimes-2.1.25\spine-2.1.25-netcore\spine-2.1.25-netcore.csproj", "{E5EAFEC2-63EA-4EE6-B9F5-BEDFB6EE8071}"
EndProject
Project("{FAE04EC0-301F-11D3-BF4B-00C04F79EFBC}") = "apng", "libapng\apng.vcxproj", "{470A9164-29CA-4C02-8DA5-13C9A766A4FE}"
EndProject
Project("{FAE04EC0-301F-11D3-BF4B-00C04F79EFBC}") = "squish", "squish-1.11\vs9\squish\squish.vcxproj", "{6A8518C3-D81A-4428-BD7F-C37933088AC1}"
EndProject
Project("{FAE04EC0-301F-11D3-BF4B-00C04F79EFBC}") = "HaSharedLibrary", "HaSharedLibrary\HaSharedLibrary.csproj", "{703E0ADB-D6A4-44FC-B090-0ED6256A5BED}"
EndProject
Project("{2150E333-8FDC-42A3-9474-1A3956D46DE8}") = "HaRepacker", "HaRepacker", "{1ECDADB2-6E72-49AF-A3C3-751256F2C2D8}"
EndProject
Project("{FAE04EC0-301F-11D3-BF4B-00C04F79EFBC}") = "HaRepacker", "HaRepacker\HaRepacker.csproj", "{C6C9444D-E0A9-421D-9400-F35D0B8797AD}"
EndProject
Project("{2150E333-8FDC-42A3-9474-1A3956D46DE8}") = "HaCreator", "HaCreator", "{1F77FE4A-DBAC-49C4-A707-D395CA9D45F3}"
EndProject
Project("{FAE04EC0-301F-11D3-BF4B-00C04F79EFBC}") = "HaCreator", "HaCreator\HaCreator.csproj", "{8B4E439A-CF0E-4A45-A789-54D94CA6403A}"
EndProject
Project("{2150E333-8FDC-42A3-9474-1A3956D46DE8}") = "Tests", "Tests", "{070F4724-9E5B-46C2-9054-CB6E0C54F2A2}"
EndProject
Project("{FAE04EC0-301F-11D3-BF4B-00C04F79EFBC}") = "UnitTest_WzFile", "UnitTest_WzFile\UnitTest_WzFile.csproj", "{9DB71E0B-537F-4E44-86C1-56833208E66C}"
EndProject
Project("{2150E333-8FDC-42A3-9474-1A3956D46DE8}") = "Tools", "Tools", "{1CD047C3-16A6-4FBE-9F8D-383C190F43E6}"
EndProject
Project("{FAE04EC0-301F-11D3-BF4B-00C04F79EFBC}") = "CanvasHelper", "CanvasHelper\CanvasHelper.csproj", "{DE14C140-BCE9-4870-91B4-5AB64661DFB8}"
EndProject
Global
	GlobalSection(SolutionConfigurationPlatforms) = preSolution
		Debug|x64 = Debug|x64
		Release|x64 = Release|x64
	EndGlobalSection
	GlobalSection(ProjectConfigurationPlatforms) = postSolution
		{470A9164-29CA-4C02-8DA5-13C9A766A4FE}.Debug|x64.ActiveCfg = Debug|x64
		{470A9164-29CA-4C02-8DA5-13C9A766A4FE}.Debug|x64.Build.0 = Debug|x64
		{470A9164-29CA-4C02-8DA5-13C9A766A4FE}.Release|x64.ActiveCfg = Release|x64
		{470A9164-29CA-4C02-8DA5-13C9A766A4FE}.Release|x64.Build.0 = Release|x64
		{8B4E439A-CF0E-4A45-A789-54D94CA6403A}.Debug|x64.ActiveCfg = Debug|x64
		{8B4E439A-CF0E-4A45-A789-54D94CA6403A}.Debug|x64.Build.0 = Debug|x64
		{8B4E439A-CF0E-4A45-A789-54D94CA6403A}.Release|x64.ActiveCfg = Release|x64
		{8B4E439A-CF0E-4A45-A789-54D94CA6403A}.Release|x64.Build.0 = Release|x64
		{C6C9444D-E0A9-421D-9400-F35D0B8797AD}.Debug|x64.ActiveCfg = Debug|x64
		{C6C9444D-E0A9-421D-9400-F35D0B8797AD}.Debug|x64.Build.0 = Debug|x64
		{C6C9444D-E0A9-421D-9400-F35D0B8797AD}.Release|x64.ActiveCfg = Release|x64
		{C6C9444D-E0A9-421D-9400-F35D0B8797AD}.Release|x64.Build.0 = Release|x64
		{703E0ADB-D6A4-44FC-B090-0ED6256A5BED}.Debug|x64.ActiveCfg = Debug|x64
		{703E0ADB-D6A4-44FC-B090-0ED6256A5BED}.Debug|x64.Build.0 = Debug|x64
		{703E0ADB-D6A4-44FC-B090-0ED6256A5BED}.Release|x64.ActiveCfg = Release|x64
		{703E0ADB-D6A4-44FC-B090-0ED6256A5BED}.Release|x64.Build.0 = Release|x64
		{18067367-137D-4968-A4C1-966792125612}.Debug|x64.ActiveCfg = Debug|x64
		{18067367-137D-4968-A4C1-966792125612}.Debug|x64.Build.0 = Debug|x64
		{18067367-137D-4968-A4C1-966792125612}.Release|x64.ActiveCfg = Release|x64
		{18067367-137D-4968-A4C1-966792125612}.Release|x64.Build.0 = Release|x64
		{E5EAFEC2-63EA-4EE6-B9F5-BEDFB6EE8071}.Debug|x64.ActiveCfg = Debug|x64
		{E5EAFEC2-63EA-4EE6-B9F5-BEDFB6EE8071}.Debug|x64.Build.0 = Debug|x64
		{E5EAFEC2-63EA-4EE6-B9F5-BEDFB6EE8071}.Release|x64.ActiveCfg = Release|x64
		{E5EAFEC2-63EA-4EE6-B9F5-BEDFB6EE8071}.Release|x64.Build.0 = Release|x64
		{6A8518C3-D81A-4428-BD7F-C37933088AC1}.Debug|x64.ActiveCfg = Debug|x64
		{6A8518C3-D81A-4428-BD7F-C37933088AC1}.Debug|x64.Build.0 = Debug|x64
		{6A8518C3-D81A-4428-BD7F-C37933088AC1}.Release|x64.ActiveCfg = Release|x64
		{6A8518C3-D81A-4428-BD7F-C37933088AC1}.Release|x64.Build.0 = Release|x64
		{9DB71E0B-537F-4E44-86C1-56833208E66C}.Debug|x64.ActiveCfg = Debug|x64
		{9DB71E0B-537F-4E44-86C1-56833208E66C}.Debug|x64.Build.0 = Debug|x64
		{9DB71E0B-537F-4E44-86C1-56833208E66C}.Release|x64.ActiveCfg = Release|x64
		{9DB71E0B-537F-4E44-86C1-56833208E66C}.Release|x64.Build.0 = Release|x64
		{DE14C140-BCE9-4870-91B4-5AB64661DFB8}.Release|x64.ActiveCfg = Release|x64
		{DE14C140-BCE9-4870-91B4-5AB64661DFB8}.Release|x64.Build.0 = Release|x64
		{DE14C140-BCE9-4870-91B4-5AB64661DFB8}.Debug|x64.ActiveCfg = Debug|x64
		{DE14C140-BCE9-4870-91B4-5AB64661DFB8}.Debug|x64.Build.0 = Debug|x64
	EndGlobalSection
	GlobalSection(SolutionProperties) = preSolution
		HideSolutionNode = FALSE
	EndGlobalSection
	GlobalSection(NestedProjects) = preSolution
		{18067367-137D-4968-A4C1-966792125612} = {86842EBC-F2B0-41AD-A4F5-C1F21BDF3EA4}
		{E5EAFEC2-63EA-4EE6-B9F5-BEDFB6EE8071} = {86842EBC-F2B0-41AD-A4F5-C1F21BDF3EA4}
		{470A9164-29CA-4C02-8DA5-13C9A766A4FE} = {86842EBC-F2B0-41AD-A4F5-C1F21BDF3EA4}
		{6A8518C3-D81A-4428-BD7F-C37933088AC1} = {86842EBC-F2B0-41AD-A4F5-C1F21BDF3EA4}
		{703E0ADB-D6A4-44FC-B090-0ED6256A5BED} = {86842EBC-F2B0-41AD-A4F5-C1F21BDF3EA4}
		{C6C9444D-E0A9-421D-9400-F35D0B8797AD} = {1ECDADB2-6E72-49AF-A3C3-751256F2C2D8}
		{8B4E439A-CF0E-4A45-A789-54D94CA6403A} = {1F77FE4A-DBAC-49C4-A707-D395CA9D45F3}
		{9DB71E0B-537F-4E44-86C1-56833208E66C} = {070F4724-9E5B-46C2-9054-CB6E0C54F2A2}
		{DE14C140-BCE9-4870-91B4-5AB64661DFB8} = {1CD047C3-16A6-4FBE-9F8D-383C190F43E6}
	EndGlobalSection
	GlobalSection(ExtensibilityGlobals) = postSolution
		SolutionGuid = {11BE1FD9-3FE8-45F8-87B4-4906D2AA2A59}
	EndGlobalSection
EndGlobal
